
Microsoft Visual Studio Solution File, Format Version 12.00
# Visual Studio 15
VisualStudioVersion = 15.0.28307.271
MinimumVisualStudioVersion = 10.0.40219.1
Project("{FAE04EC0-301F-11D3-BF4B-00C04F79EFBC}") = "AutoClicker_V1", "AutoClicker_V1\AutoClicker_V1.csproj", "{5AA8CC3D-D0F0-49E9-99EE-0BDBF0B22E41}"
EndProject
Global
	GlobalSection(SolutionConfigurationPlatforms) = preSolution
		Debug|Any CPU = Debug|Any CPU
		Release|Any CPU = Release|Any CPU
	EndGlobalSection
	GlobalSection(ProjectConfigurationPlatforms) = postSolution
		{5AA8CC3D-D0F0-49E9-99EE-0BDBF0B22E41}.Debug|Any CPU.ActiveCfg = Debug|Any CPU
		{5AA8CC3D-D0F0-49E9-99EE-0BDBF0B22E41}.Debug|Any CPU.Build.0 = Debug|Any CPU
		{5AA8CC3D-D0F0-49E9-99EE-0BDBF0B22E41}.Release|Any CPU.ActiveCfg = Release|Any CPU
		{5AA8CC3D-D0F0-49E9-99EE-0BDBF0B22E41}.Release|Any CPU.Build.0 = Release|Any CPU
	EndGlobalSection
	GlobalSection(SolutionProperties) = preSolution
		HideSolutionNode = FALSE
	EndGlobalSection
	GlobalSection(ExtensibilityGlobals) = postSolution
		SolutionGuid = {C75B4492-D651-482F-A82A-93B9C0FBFFB8}
	EndGlobalSection
EndGlobal
